
Microsoft Visual Studio Solution File, Format Version 12.00
# Visual Studio Version 17
VisualStudioVersion = 17.1.32210.238
MinimumVisualStudioVersion = 10.0.40219.1
Project("{FAE04EC0-301F-11D3-BF4B-00C04F79EFBC}") = "Cinematic", "Cinematic\Cinematic.csproj", "{B0C8E471-8363-42E4-BBFB-725A5EFA50F0}"
EndProject
Global
	GlobalSection(SolutionConfigurationPlatforms) = preSolution
		Debug|Any CPU = Debug|Any CPU
		Release|Any CPU = Release|Any CPU
	EndGlobalSection
	GlobalSection(ProjectConfigurationPlatforms) = postSolution
		{B0C8E471-8363-42E4-BBFB-725A5EFA50F0}.Debug|Any CPU.ActiveCfg = Debug|Any CPU
		{B0C8E471-8363-42E4-BBFB-725A5EFA50F0}.Debug|Any CPU.Build.0 = Debug|Any CPU
		{B0C8E471-8363-42E4-BBFB-725A5EFA50F0}.Release|Any CPU.ActiveCfg = Release|Any CPU
		{B0C8E471-8363-42E4-BBFB-725A5EFA50F0}.Release|Any CPU.Build.0 = Release|Any CPU
	EndGlobalSection
	GlobalSection(SolutionProperties) = preSolution
		HideSolutionNode = FALSE
	EndGlobalSection
	GlobalSection(ExtensibilityGlobals) = postSolution
		SolutionGuid = {43904BAB-C143-4AFE-9114-FAC87C1CF6D7}
	EndGlobalSection
EndGlobal
